
Microsoft Visual Studio Solution File, Format Version 12.00
# Visual Studio 14
VisualStudioVersion = 14.0.25420.1
MinimumVisualStudioVersion = 10.0.40219.1
Project("{FAE04EC0-301F-11D3-BF4B-00C04F79EFBC}") = "Naukowcy.ConsoleCalendar.Domain", "Naukowcy.ConsoleCalendar.Domain\Naukowcy.ConsoleCalendar.Domain.csproj", "{C521FDFB-7232-4B81-AEC9-B72509923B9A}"
EndProject
Project("{FAE04EC0-301F-11D3-BF4B-00C04F79EFBC}") = "Naukowcy.ConsoleCalendar.Services", "Naukowcy.ConsoleCalendar.Services\Naukowcy.ConsoleCalendar.Services.csproj", "{6ABB1B8F-DADC-4659-932B-9F502BCC0812}"
EndProject
Project("{FAE04EC0-301F-11D3-BF4B-00C04F79EFBC}") = "Naukowcy.ConsoleCalendar.App", "Naukowcy.ConsoleCalendar.App\Naukowcy.ConsoleCalendar.App.csproj", "{CC234460-40C9-4506-B768-646EE4AC5E69}"
EndProject
Global
	GlobalSection(SolutionConfigurationPlatforms) = preSolution
		Debug|Any CPU = Debug|Any CPU
		Release|Any CPU = Release|Any CPU
	EndGlobalSection
	GlobalSection(ProjectConfigurationPlatforms) = postSolution
		{C521FDFB-7232-4B81-AEC9-B72509923B9A}.Debug|Any CPU.ActiveCfg = Debug|Any CPU
		{C521FDFB-7232-4B81-AEC9-B72509923B9A}.Debug|Any CPU.Build.0 = Debug|Any CPU
		{C521FDFB-7232-4B81-AEC9-B72509923B9A}.Release|Any CPU.ActiveCfg = Release|Any CPU
		{C521FDFB-7232-4B81-AEC9-B72509923B9A}.Release|Any CPU.Build.0 = Release|Any CPU
		{6ABB1B8F-DADC-4659-932B-9F502BCC0812}.Debug|Any CPU.ActiveCfg = Debug|Any CPU
		{6ABB1B8F-DADC-4659-932B-9F502BCC0812}.Debug|Any CPU.Build.0 = Debug|Any CPU
		{6ABB1B8F-DADC-4659-932B-9F502BCC0812}.Release|Any CPU.ActiveCfg = Release|Any CPU
		{6ABB1B8F-DADC-4659-932B-9F502BCC0812}.Release|Any CPU.Build.0 = Release|Any CPU
		{CC234460-40C9-4506-B768-646EE4AC5E69}.Debug|Any CPU.ActiveCfg = Debug|Any CPU
		{CC234460-40C9-4506-B768-646EE4AC5E69}.Debug|Any CPU.Build.0 = Debug|Any CPU
		{CC234460-40C9-4506-B768-646EE4AC5E69}.Release|Any CPU.ActiveCfg = Release|Any CPU
		{CC234460-40C9-4506-B768-646EE4AC5E69}.Release|Any CPU.Build.0 = Release|Any CPU
	EndGlobalSection
	GlobalSection(SolutionProperties) = preSolution
		HideSolutionNode = FALSE
	EndGlobalSection
EndGlobal
